
Microsoft Visual Studio Solution File, Format Version 12.00
# Visual Studio Version 16
VisualStudioVersion = 16.0.30804.86
MinimumVisualStudioVersion = 10.0.40219.1
Project("{FAE04EC0-301F-11D3-BF4B-00C04F79EFBC}") = "Uniswap.dotnet", "Uniswap.dotnet\Uniswap.dotnet.csproj", "{7985A61B-1E02-455B-91C0-F30A2C752F91}"
EndProject
Global
	GlobalSection(SolutionConfigurationPlatforms) = preSolution
		Debug|Any CPU = Debug|Any CPU
		Release|Any CPU = Release|Any CPU
	EndGlobalSection
	GlobalSection(ProjectConfigurationPlatforms) = postSolution
		{7985A61B-1E02-455B-91C0-F30A2C752F91}.Debug|Any CPU.ActiveCfg = Debug|Any CPU
		{7985A61B-1E02-455B-91C0-F30A2C752F91}.Debug|Any CPU.Build.0 = Debug|Any CPU
		{7985A61B-1E02-455B-91C0-F30A2C752F91}.Release|Any CPU.ActiveCfg = Release|Any CPU
		{7985A61B-1E02-455B-91C0-F30A2C752F91}.Release|Any CPU.Build.0 = Release|Any CPU
	EndGlobalSection
	GlobalSection(SolutionProperties) = preSolution
		HideSolutionNode = FALSE
	EndGlobalSection
	GlobalSection(ExtensibilityGlobals) = postSolution
		SolutionGuid = {DFDD8438-856B-4D8C-A217-9373B00F5B59}
	EndGlobalSection
EndGlobal
